{
  "name": "@fisherleasystems/cordova-plugin-fs-location-services",
  "version": "2.2.2",
  "lockfileVersion": 2,
  "requires": true,
  "packages": {
    "": {
      "name": "@fisherleasystems/cordova-plugin-fs-location-services",
      "version": "2.2.2",
      "license": "Apache 2.0"
    }
  }
}
